{
  "object": {
    "pins": [
      {
        "package": "SwiftScraper",
        "repositoryURL": "https://github.com/Nef10/SwiftScraper.git",
        "state": {
          "branch": null,
          "revision": "f35c7a03358ad0182c7a2cec12a41055afe44139",
          "version": "0.7.0"
        }
      }
    ]
  },
  "version": 1
}
